
Microsoft Visual Studio Solution File, Format Version 11.00
# Visual Studio 2010
Project("{FAE04EC0-301F-11D3-BF4B-00C04F79EFBC}") = "OfficeLibs", "OfficeLibs\OfficeLibs.csproj", "{C4E2A10A-E00F-4ED2-B0F2-87EAE54DDA56}"
EndProject
Project("{FAE04EC0-301F-11D3-BF4B-00C04F79EFBC}") = "Tester", "Tester\Tester.csproj", "{BFE640C1-5CDA-48A4-93C0-1285751A2E69}"
EndProject
Global
	GlobalSection(SolutionConfigurationPlatforms) = preSolution
		Debug|Any CPU = Debug|Any CPU
		Release|Any CPU = Release|Any CPU
	EndGlobalSection
	GlobalSection(ProjectConfigurationPlatforms) = postSolution
		{C4E2A10A-E00F-4ED2-B0F2-87EAE54DDA56}.Debug|Any CPU.ActiveCfg = Debug|Any CPU
		{C4E2A10A-E00F-4ED2-B0F2-87EAE54DDA56}.Debug|Any CPU.Build.0 = Debug|Any CPU
		{C4E2A10A-E00F-4ED2-B0F2-87EAE54DDA56}.Release|Any CPU.ActiveCfg = Release|Any CPU
		{C4E2A10A-E00F-4ED2-B0F2-87EAE54DDA56}.Release|Any CPU.Build.0 = Release|Any CPU
		{BFE640C1-5CDA-48A4-93C0-1285751A2E69}.Debug|Any CPU.ActiveCfg = Debug|Any CPU
		{BFE640C1-5CDA-48A4-93C0-1285751A2E69}.Debug|Any CPU.Build.0 = Debug|Any CPU
		{BFE640C1-5CDA-48A4-93C0-1285751A2E69}.Release|Any CPU.ActiveCfg = Release|Any CPU
		{BFE640C1-5CDA-48A4-93C0-1285751A2E69}.Release|Any CPU.Build.0 = Release|Any CPU
	EndGlobalSection
	GlobalSection(SolutionProperties) = preSolution
		HideSolutionNode = FALSE
	EndGlobalSection
EndGlobal
